
Microsoft Visual Studio Solution File, Format Version 12.00
# Visual Studio Version 17
VisualStudioVersion = 17.5.33516.290
MinimumVisualStudioVersion = 10.0.40219.1
Project("{FAE04EC0-301F-11D3-BF4B-00C04F79EFBC}") = "Project_Pulse", "Project_Pulse.csproj", "{0E0CF591-C11A-4AB2-85EA-6C857C454197}"
EndProject
Global
	GlobalSection(SolutionConfigurationPlatforms) = preSolution
		Debug|Any CPU = Debug|Any CPU
		Release|Any CPU = Release|Any CPU
	EndGlobalSection
	GlobalSection(ProjectConfigurationPlatforms) = postSolution
		{0E0CF591-C11A-4AB2-85EA-6C857C454197}.Debug|Any CPU.ActiveCfg = Debug|Any CPU
		{0E0CF591-C11A-4AB2-85EA-6C857C454197}.Debug|Any CPU.Build.0 = Debug|Any CPU
		{0E0CF591-C11A-4AB2-85EA-6C857C454197}.Release|Any CPU.ActiveCfg = Release|Any CPU
		{0E0CF591-C11A-4AB2-85EA-6C857C454197}.Release|Any CPU.Build.0 = Release|Any CPU
	EndGlobalSection
	GlobalSection(SolutionProperties) = preSolution
		HideSolutionNode = FALSE
	EndGlobalSection
	GlobalSection(ExtensibilityGlobals) = postSolution
		SolutionGuid = {14D6569D-F222-45B3-8296-6B6E82167182}
	EndGlobalSection
EndGlobal
